// !$*UTF8*$!
{
	archiveVersion = 1;
	classes = {
	};
	objectVersion = 46;
	objects = {

/* Begin PBXBuildFile section */
		170C27D41BC0A09600F21F3E /* NetworkOperation.swift in Sources */ = {isa = PBXBuildFile; fileRef = 170C27D31BC0A09600F21F3E /* NetworkOperation.swift */; settings = {ASSET_TAGS = (); }; };
		170C27D61BC0C34900F21F3E /* ForecastService.swift in Sources */ = {isa = PBXBuildFile; fileRef = 170C27D51BC0C34900F21F3E /* ForecastService.swift */; settings = {ASSET_TAGS = (); }; };
		175BDF981BC5DF15008FEBD0 /* DailyWeather.swift in Sources */ = {isa = PBXBuildFile; fileRef = 175BDF971BC5DF15008FEBD0 /* DailyWeather.swift */; settings = {ASSET_TAGS = (); }; };
		175BDF9A1BC5E112008FEBD0 /* Icon.swift in Sources */ = {isa = PBXBuildFile; fileRef = 175BDF991BC5E112008FEBD0 /* Icon.swift */; settings = {ASSET_TAGS = (); }; };
		175BDF9C1BC5FF1B008FEBD0 /* Forecast.swift in Sources */ = {isa = PBXBuildFile; fileRef = 175BDF9B1BC5FF1B008FEBD0 /* Forecast.swift */; settings = {ASSET_TAGS = (); }; };
		17C350F61BC3619D006C56BE /* WeeklyTableViewController.swift in Sources */ = {isa = PBXBuildFile; fileRef = 17C350F51BC3619D006C56BE /* WeeklyTableViewController.swift */; settings = {ASSET_TAGS = (); }; };
		17C350F81BC362A0006C56BE /* BackgroundView.swift in Sources */ = {isa = PBXBuildFile; fileRef = 17C350F71BC362A0006C56BE /* BackgroundView.swift */; settings = {ASSET_TAGS = (); }; };
		17EE8BC91BC6614700B02567 /* DailyWeatherTableViewCell.swift in Sources */ = {isa = PBXBuildFile; fileRef = 17EE8BC81BC6614700B02567 /* DailyWeatherTableViewCell.swift */; settings = {ASSET_TAGS = (); }; };
		17FEADF81BBA2A3200FD4F67 /* AppDelegate.swift in Sources */ = {isa = PBXBuildFile; fileRef = 17FEADF71BBA2A3200FD4F67 /* AppDelegate.swift */; };
		17FEADFA1BBA2A3200FD4F67 /* ViewController.swift in Sources */ = {isa = PBXBuildFile; fileRef = 17FEADF91BBA2A3200FD4F67 /* ViewController.swift */; };
		17FEADFD1BBA2A3200FD4F67 /* Main.storyboard in Resources */ = {isa = PBXBuildFile; fileRef = 17FEADFB1BBA2A3200FD4F67 /* Main.storyboard */; };
		17FEADFF1BBA2A3200FD4F67 /* Assets.xcassets in Resources */ = {isa = PBXBuildFile; fileRef = 17FEADFE1BBA2A3200FD4F67 /* Assets.xcassets */; };
		17FEAE021BBA2A3200FD4F67 /* LaunchScreen.storyboard in Resources */ = {isa = PBXBuildFile; fileRef = 17FEAE001BBA2A3200FD4F67 /* LaunchScreen.storyboard */; };
		17FEAE0A1BBA2B5D00FD4F67 /* CurrentWeather.plist in Resources */ = {isa = PBXBuildFile; fileRef = 17FEAE091BBA2B5D00FD4F67 /* CurrentWeather.plist */; settings = {ASSET_TAGS = (); }; };
		17FEAE0C1BBA2C5300FD4F67 /* CurrentWeather.swift in Sources */ = {isa = PBXBuildFile; fileRef = 17FEAE0B1BBA2C5300FD4F67 /* CurrentWeather.swift */; settings = {ASSET_TAGS = (); }; };
/* End PBXBuildFile section */

/* Begin PBXFileReference section */
		170C27D31BC0A09600F21F3E /* NetworkOperation.swift */ = {isa = PBXFileReference; fileEncoding = 4; lastKnownFileType = sourcecode.swift; path = NetworkOperation.swift; sourceTree = "<group>"; };
		170C27D51BC0C34900F21F3E /* ForecastService.swift */ = {isa = PBXFileReference; fileEncoding = 4; lastKnownFileType = sourcecode.swift; path = ForecastService.swift; sourceTree = "<group>"; };
		175BDF971BC5DF15008FEBD0 /* DailyWeather.swift */ = {isa = PBXFileReference; fileEncoding = 4; lastKnownFileType = sourcecode.swift; path = DailyWeather.swift; sourceTree = "<group>"; };
		175BDF991BC5E112008FEBD0 /* Icon.swift */ = {isa = PBXFileReference; fileEncoding = 4; lastKnownFileType = sourcecode.swift; path = Icon.swift; sourceTree = "<group>"; };
		175BDF9B1BC5FF1B008FEBD0 /* Forecast.swift */ = {isa = PBXFileReference; fileEncoding = 4; lastKnownFileType = sourcecode.swift; path = Forecast.swift; sourceTree = "<group>"; };
		17C350F51BC3619D006C56BE /* WeeklyTableViewController.swift */ = {isa = PBXFileReference; fileEncoding = 4; lastKnownFileType = sourcecode.swift; path = WeeklyTableViewController.swift; sourceTree = "<group>"; };
		17C350F71BC362A0006C56BE /* BackgroundView.swift */ = {isa = PBXFileReference; fileEncoding = 4; lastKnownFileType = sourcecode.swift; path = BackgroundView.swift; sourceTree = "<group>"; };
		17EE8BC81BC6614700B02567 /* DailyWeatherTableViewCell.swift */ = {isa = PBXFileReference; fileEncoding = 4; lastKnownFileType = sourcecode.swift; path = DailyWeatherTableViewCell.swift; sourceTree = "<group>"; };
		17FEADF41BBA2A3200FD4F67 /* Stormy.app */ = {isa = PBXFileReference; explicitFileType = wrapper.application; includeInIndex = 0; path = Stormy.app; sourceTree = BUILT_PRODUCTS_DIR; };
		17FEADF71BBA2A3200FD4F67 /* AppDelegate.swift */ = {isa = PBXFileReference; lastKnownFileType = sourcecode.swift; path = AppDelegate.swift; sourceTree = "<group>"; };
		17FEADF91BBA2A3200FD4F67 /* ViewController.swift */ = {isa = PBXFileReference; lastKnownFileType = sourcecode.swift; path = ViewController.swift; sourceTree = "<group>"; };
		17FEADFC1BBA2A3200FD4F67 /* Base */ = {isa = PBXFileReference; lastKnownFileType = file.storyboard; name = Base; path = Base.lproj/Main.storyboard; sourceTree = "<group>"; };
		17FEADFE1BBA2A3200FD4F67 /* Assets.xcassets */ = {isa = PBXFileReference; lastKnownFileType = folder.assetcatalog; path = Assets.xcassets; sourceTree = "<group>"; };
		17FEAE011BBA2A3200FD4F67 /* Base */ = {isa = PBXFileReference; lastKnownFileType = file.storyboard; name = Base; path = Base.lproj/LaunchScreen.storyboard; sourceTree = "<group>"; };
		17FEAE031BBA2A3200FD4F67 /* Info.plist */ = {isa = PBXFileReference; lastKnownFileType = text.plist.xml; path = Info.plist; sourceTree = "<group>"; };
		17FEAE091BBA2B5D00FD4F67 /* CurrentWeather.plist */ = {isa = PBXFileReference; fileEncoding = 4; lastKnownFileType = text.plist.xml; path = CurrentWeather.plist; sourceTree = "<group>"; };
		17FEAE0B1BBA2C5300FD4F67 /* CurrentWeather.swift */ = {isa = PBXFileReference; fileEncoding = 4; lastKnownFileType = sourcecode.swift; path = CurrentWeather.swift; sourceTree = "<group>"; };
/* End PBXFileReference section */

/* Begin PBXFrameworksBuildPhase section */
		17FEADF11BBA2A3200FD4F67 /* Frameworks */ = {
			isa = PBXFrameworksBuildPhase;
			buildActionMask = 2147483647;
			files = (
			);
			runOnlyForDeploymentPostprocessing = 0;
		};
/* End PBXFrameworksBuildPhase section */

/* Begin PBXGroup section */
		175BDF961BC5DEF9008FEBD0 /* Weather */ = {
			isa = PBXGroup;
			children = (
				17FEAE0B1BBA2C5300FD4F67 /* CurrentWeather.swift */,
				175BDF971BC5DF15008FEBD0 /* DailyWeather.swift */,
				175BDF991BC5E112008FEBD0 /* Icon.swift */,
				175BDF9B1BC5FF1B008FEBD0 /* Forecast.swift */,
			);
			name = Weather;
			sourceTree = "<group>";
		};
		17C350F01BC3611C006C56BE /* Controller */ = {
			isa = PBXGroup;
			children = (
				17FEADF91BBA2A3200FD4F67 /* ViewController.swift */,
				17C350F51BC3619D006C56BE /* WeeklyTableViewController.swift */,
			);
			name = Controller;
			sourceTree = "<group>";
		};
		17C350F21BC36131006C56BE /* Views */ = {
			isa = PBXGroup;
			children = (
				17FEADFB1BBA2A3200FD4F67 /* Main.storyboard */,
				17C350F71BC362A0006C56BE /* BackgroundView.swift */,
				17EE8BC81BC6614700B02567 /* DailyWeatherTableViewCell.swift */,
			);
			name = Views;
			sourceTree = "<group>";
		};
		17C350F31BC36137006C56BE /* Models */ = {
			isa = PBXGroup;
			children = (
				175BDF961BC5DEF9008FEBD0 /* Weather */,
				170C27D31BC0A09600F21F3E /* NetworkOperation.swift */,
				170C27D51BC0C34900F21F3E /* ForecastService.swift */,
			);
			name = Models;
			sourceTree = "<group>";
		};
		17C350F41BC36146006C56BE /* Supporting Files */ = {
			isa = PBXGroup;
			children = (
				17FEAE031BBA2A3200FD4F67 /* Info.plist */,
				17FEAE091BBA2B5D00FD4F67 /* CurrentWeather.plist */,
				17FEADF71BBA2A3200FD4F67 /* AppDelegate.swift */,
			);
			name = "Supporting Files";
			sourceTree = "<group>";
		};
		17FEADEB1BBA2A3200FD4F67 = {
			isa = PBXGroup;
			children = (
				17FEADF61BBA2A3200FD4F67 /* Stormy */,
				17FEADF51BBA2A3200FD4F67 /* Products */,
			);
			sourceTree = "<group>";
		};
		17FEADF51BBA2A3200FD4F67 /* Products */ = {
			isa = PBXGroup;
			children = (
				17FEADF41BBA2A3200FD4F67 /* Stormy.app */,
			);
			name = Products;
			sourceTree = "<group>";
		};
		17FEADF61BBA2A3200FD4F67 /* Stormy */ = {
			isa = PBXGroup;
			children = (
				17C350F41BC36146006C56BE /* Supporting Files */,
				17C350F31BC36137006C56BE /* Models */,
				17C350F21BC36131006C56BE /* Views */,
				17C350F01BC3611C006C56BE /* Controller */,
				17FEADFE1BBA2A3200FD4F67 /* Assets.xcassets */,
				17FEAE001BBA2A3200FD4F67 /* LaunchScreen.storyboard */,
			);
			path = Stormy;
			sourceTree = "<group>";
		};
/* End PBXGroup section */

/* Begin PBXNativeTarget section */
		17FEADF31BBA2A3200FD4F67 /* Stormy */ = {
			isa = PBXNativeTarget;
			buildConfigurationList = 17FEAE061BBA2A3200FD4F67 /* Build configuration list for PBXNativeTarget "Stormy" */;
			buildPhases = (
				17FEADF01BBA2A3200FD4F67 /* Sources */,
				17FEADF11BBA2A3200FD4F67 /* Frameworks */,
				17FEADF21BBA2A3200FD4F67 /* Resources */,
			);
			buildRules = (
			);
			dependencies = (
			);
			name = Stormy;
			productName = Stormy;
			productReference = 17FEADF41BBA2A3200FD4F67 /* Stormy.app */;
			productType = "com.apple.product-type.application";
		};
/* End PBXNativeTarget section */

/* Begin PBXProject section */
		17FEADEC1BBA2A3200FD4F67 /* Project object */ = {
			isa = PBXProject;
			attributes = {
				LastUpgradeCheck = 0700;
				ORGANIZATIONNAME = "Sachin Virdy";
				TargetAttributes = {
					17FEADF31BBA2A3200FD4F67 = {
						CreatedOnToolsVersion = 7.0;
						DevelopmentTeam = BJRQQJ5XM9;
					};
				};
			};
			buildConfigurationList = 17FEADEF1BBA2A3200FD4F67 /* Build configuration list for PBXProject "Stormy" */;
			compatibilityVersion = "Xcode 3.2";
			developmentRegion = English;
			hasScannedForEncodings = 0;
			knownRegions = (
				en,
				Base,
			);
			mainGroup = 17FEADEB1BBA2A3200FD4F67;
			productRefGroup = 17FEADF51BBA2A3200FD4F67 /* Products */;
			projectDirPath = "";
			projectRoot = "";
			targets = (
				17FEADF31BBA2A3200FD4F67 /* Stormy */,
			);
		};
/* End PBXProject section */

/* Begin PBXResourcesBuildPhase section */
		17FEADF21BBA2A3200FD4F67 /* Resources */ = {
			isa = PBXResourcesBuildPhase;
			buildActionMask = 2147483647;
			files = (
				17FEAE021BBA2A3200FD4F67 /* LaunchScreen.storyboard in Resources */,
				17FEAE0A1BBA2B5D00FD4F67 /* CurrentWeather.plist in Resources */,
				17FEADFF1BBA2A3200FD4F67 /* Assets.xcassets in Resources */,
				17FEADFD1BBA2A3200FD4F67 /* Main.storyboard in Resources */,
			);
			runOnlyForDeploymentPostprocessing = 0;
		};
/* End PBXResourcesBuildPhase section */

/* Begin PBXSourcesBuildPhase section */
		17FEADF01BBA2A3200FD4F67 /* Sources */ = {
			isa = PBXSourcesBuildPhase;
			buildActionMask = 2147483647;
			files = (
				175BDF981BC5DF15008FEBD0 /* DailyWeather.swift in Sources */,
				17EE8BC91BC6614700B02567 /* DailyWeatherTableViewCell.swift in Sources */,
				170C27D41BC0A09600F21F3E /* NetworkOperation.swift in Sources */,
				17FEADFA1BBA2A3200FD4F67 /* ViewController.swift in Sources */,
				175BDF9A1BC5E112008FEBD0 /* Icon.swift in Sources */,
				175BDF9C1BC5FF1B008FEBD0 /* Forecast.swift in Sources */,
				17C350F61BC3619D006C56BE /* WeeklyTableViewController.swift in Sources */,
				17C350F81BC362A0006C56BE /* BackgroundView.swift in Sources */,
				17FEAE0C1BBA2C5300FD4F67 /* CurrentWeather.swift in Sources */,
				170C27D61BC0C34900F21F3E /* ForecastService.swift in Sources */,
				17FEADF81BBA2A3200FD4F67 /* AppDelegate.swift in Sources */,
			);
			runOnlyForDeploymentPostprocessing = 0;
		};
/* End PBXSourcesBuildPhase section */

/* Begin PBXVariantGroup section */
		17FEADFB1BBA2A3200FD4F67 /* Main.storyboard */ = {
			isa = PBXVariantGroup;
			children = (
				17FEADFC1BBA2A3200FD4F67 /* Base */,
			);
			name = Main.storyboard;
			sourceTree = "<group>";
		};
		17FEAE001BBA2A3200FD4F67 /* LaunchScreen.storyboard */ = {
			isa = PBXVariantGroup;
			children = (
				17FEAE011BBA2A3200FD4F67 /* Base */,
			);
			name = LaunchScreen.storyboard;
			sourceTree = "<group>";
		};
/* End PBXVariantGroup section */

/* Begin XCBuildConfiguration section */
		17FEAE041BBA2A3200FD4F67 /* Debug */ = {
			isa = XCBuildConfiguration;
			buildSettings = {
				ALWAYS_SEARCH_USER_PATHS = NO;
				CLANG_CXX_LANGUAGE_STANDARD = "gnu++0x";
				CLANG_CXX_LIBRARY = "libc++";
				CLANG_ENABLE_MODULES = YES;
				CLANG_ENABLE_OBJC_ARC = YES;
				CLANG_WARN_BOOL_CONVERSION = YES;
				CLANG_WARN_CONSTANT_CONVERSION = YES;
				CLANG_WARN_DIRECT_OBJC_ISA_USAGE = YES_ERROR;
				CLANG_WARN_EMPTY_BODY = YES;
				CLANG_WARN_ENUM_CONVERSION = YES;
				CLANG_WARN_INT_CONVERSION = YES;
				CLANG_WARN_OBJC_ROOT_CLASS = YES_ERROR;
				CLANG_WARN_UNREACHABLE_CODE = YES;
				CLANG_WARN__DUPLICATE_METHOD_MATCH = YES;
				"CODE_SIGN_IDENTITY[sdk=iphoneos*]" = "iPhone Developer";
				COPY_PHASE_STRIP = NO;
				DEBUG_INFORMATION_FORMAT = dwarf;
				ENABLE_STRICT_OBJC_MSGSEND = YES;
				ENABLE_TESTABILITY = YES;
				GCC_C_LANGUAGE_STANDARD = gnu99;
				GCC_DYNAMIC_NO_PIC = NO;
				GCC_NO_COMMON_BLOCKS = YES;
				GCC_OPTIMIZATION_LEVEL = 0;
				GCC_PREPROCESSOR_DEFINITIONS = (
					"DEBUG=1",
					"$(inherited)",
				);
				GCC_WARN_64_TO_32_BIT_CONVERSION = YES;
				GCC_WARN_ABOUT_RETURN_TYPE = YES_ERROR;
				GCC_WARN_UNDECLARED_SELECTOR = YES;
				GCC_WARN_UNINITIALIZED_AUTOS = YES_AGGRESSIVE;
				GCC_WARN_UNUSED_FUNCTION = YES;
				GCC_WARN_UNUSED_VARIABLE = YES;
				IPHONEOS_DEPLOYMENT_TARGET = 9.0;
				MTL_ENABLE_DEBUG_INFO = YES;
				ONLY_ACTIVE_ARCH = YES;
				SDKROOT = iphoneos;
				SWIFT_OPTIMIZATION_LEVEL = "-Onone";
			};
			name = Debug;
		};
		17FEAE051BBA2A3200FD4F67 /* Release */ = {
			isa = XCBuildConfiguration;
			buildSettings = {
				ALWAYS_SEARCH_USER_PATHS = NO;
				CLANG_CXX_LANGUAGE_STANDARD = "gnu++0x";
				CLANG_CXX_LIBRARY = "libc++";
				CLANG_ENABLE_MODULES = YES;
				CLANG_ENABLE_OBJC_ARC = YES;
				CLANG_WARN_BOOL_CONVERSION = YES;
				CLANG_WARN_CONSTANT_CONVERSION = YES;
				CLANG_WARN_DIRECT_OBJC_ISA_USAGE = YES_ERROR;
				CLANG_WARN_EMPTY_BODY = YES;
				CLANG_WARN_ENUM_CONVERSION = YES;
				CLANG_WARN_INT_CONVERSION = YES;
				CLANG_WARN_OBJC_ROOT_CLASS = YES_ERROR;
				CLANG_WARN_UNREACHABLE_CODE = YES;
				CLANG_WARN__DUPLICATE_METHOD_MATCH = YES;
				"CODE_SIGN_IDENTITY[sdk=iphoneos*]" = "iPhone Developer";
				COPY_PHASE_STRIP = NO;
				DEBUG_INFORMATION_FORMAT = "dwarf-with-dsym";
				ENABLE_NS_ASSERTIONS = NO;
				ENABLE_STRICT_OBJC_MSGSEND = YES;
				GCC_C_LANGUAGE_STANDARD = gnu99;
				GCC_NO_COMMON_BLOCKS = YES;
				GCC_WARN_64_TO_32_BIT_CONVERSION = YES;
				GCC_WARN_ABOUT_RETURN_TYPE = YES_ERROR;
				GCC_WARN_UNDECLARED_SELECTOR = YES;
				GCC_WARN_UNINITIALIZED_AUTOS = YES_AGGRESSIVE;
				GCC_WARN_UNUSED_FUNCTION = YES;
				GCC_WARN_UNUSED_VARIABLE = YES;
				IPHONEOS_DEPLOYMENT_TARGET = 9.0;
				MTL_ENABLE_DEBUG_INFO = NO;
				SDKROOT = iphoneos;
				VALIDATE_PRODUCT = YES;
			};
			name = Release;
		};
		17FEAE071BBA2A3200FD4F67 /* Debug */ = {
			isa = XCBuildConfiguration;
			buildSettings = {
				ASSETCATALOG_COMPILER_APPICON_NAME = AppIcon;
				CODE_SIGN_IDENTITY = "iPhone Developer";
				INFOPLIST_FILE = Stormy/Info.plist;
				IPHONEOS_DEPLOYMENT_TARGET = 8.4;
				LD_RUNPATH_SEARCH_PATHS = "$(inherited) @executable_path/Frameworks";
				PRODUCT_BUNDLE_IDENTIFIER = com.sachinvirdy.Stormy;
				PRODUCT_NAME = "$(TARGET_NAME)";
			};
			name = Debug;
		};
		17FEAE081BBA2A3200FD4F67 /* Release */ = {
			isa = XCBuildConfiguration;
			buildSettings = {
				ASSETCATALOG_COMPILER_APPICON_NAME = AppIcon;
				CODE_SIGN_IDENTITY = "iPhone Developer";
				INFOPLIST_FILE = Stormy/Info.plist;
				IPHONEOS_DEPLOYMENT_TARGET = 8.4;
				LD_RUNPATH_SEARCH_PATHS = "$(inherited) @executable_path/Frameworks";
				PRODUCT_BUNDLE_IDENTIFIER = com.sachinvirdy.Stormy;
				PRODUCT_NAME = "$(TARGET_NAME)";
			};
			name = Release;
		};
/* End XCBuildConfiguration section */

/* Begin XCConfigurationList section */
		17FEADEF1BBA2A3200FD4F67 /* Build configuration list for PBXProject "Stormy" */ = {
			isa = XCConfigurationList;
			buildConfigurations = (
				17FEAE041BBA2A3200FD4F67 /* Debug */,
				17FEAE051BBA2A3200FD4F67 /* Release */,
			);
			defaultConfigurationIsVisible = 0;
			defaultConfigurationName = Release;
		};
		17FEAE061BBA2A3200FD4F67 /* Build configuration list for PBXNativeTarget "Stormy" */ = {
			isa = XCConfigurationList;
			buildConfigurations = (
				17FEAE071BBA2A3200FD4F67 /* Debug */,
				17FEAE081BBA2A3200FD4F67 /* Release */,
			);
			defaultConfigurationIsVisible = 0;
			defaultConfigurationName = Release;
		};
/* End XCConfigurationList section */
	};
	rootObject = 17FEADEC1BBA2A3200FD4F67 /* Project object */;
}
